
Microsoft Visual Studio Solution File, Format Version 11.00
# Visual Studio 2010
Project("{FAE04EC0-301F-11D3-BF4B-00C04F79EFBC}") = "Singleplayer_Alpha_3.0", "Assembly-CSharp.csproj", "{3C409D1A-12DF-6A5D-F3C4-4A5AC829F91B}"
EndProject
Global
	GlobalSection(SolutionConfigurationPlatforms) = preSolution
		Debug|Any CPU = Debug|Any CPU
		Release|Any CPU = Release|Any CPU
	EndGlobalSection
	GlobalSection(ProjectConfigurationPlatforms) = postSolution
		{3C409D1A-12DF-6A5D-F3C4-4A5AC829F91B}.Debug|Any CPU.ActiveCfg = Debug|Any CPU
		{3C409D1A-12DF-6A5D-F3C4-4A5AC829F91B}.Debug|Any CPU.Build.0 = Debug|Any CPU
		{3C409D1A-12DF-6A5D-F3C4-4A5AC829F91B}.Release|Any CPU.ActiveCfg = Release|Any CPU
		{3C409D1A-12DF-6A5D-F3C4-4A5AC829F91B}.Release|Any CPU.Build.0 = Release|Any CPU
	EndGlobalSection
	GlobalSection(SolutionProperties) = preSolution
		HideSolutionNode = FALSE
	EndGlobalSection
	GlobalSection(MonoDevelopProperties) = preSolution
		StartupItem = Assembly-CSharp.csproj
	EndGlobalSection
EndGlobal
